
Microsoft Visual Studio Solution File, Format Version 12.00
# Visual Studio Version 17
VisualStudioVersion = 17.4.33103.184
MinimumVisualStudioVersion = 10.0.40219.1
Project("{9A19103F-16F7-4668-BE54-9A1E7A4F7556}") = "SteamAutoCrack.Core", "SteamAutoCrack.Core\SteamAutoCrack.Core.csproj", "{39FFE4F2-7310-4A7F-AA77-0F236F7E2992}"
EndProject
Project("{9A19103F-16F7-4668-BE54-9A1E7A4F7556}") = "SteamAutoCrack.CLI", "SteamAutoCrack.CLI\SteamAutoCrack.CLI.csproj", "{293D5609-0E91-4A46-A819-CB1E0986CA64}"
EndProject
Project("{9A19103F-16F7-4668-BE54-9A1E7A4F7556}") = "Steamless.API", "Steamless.API\Steamless.API.csproj", "{56C95629-3B34-47FE-B988-04274409294F}"
EndProject
Project("{9A19103F-16F7-4668-BE54-9A1E7A4F7556}") = "Steamless.Unpacker.Variant10.x86", "Steamless.Unpacker.Variant10.x86\Steamless.Unpacker.Variant10.x86.csproj", "{02B58AB0-9B00-4B31-8D61-9D22D13D2C4A}"
EndProject
Project("{9A19103F-16F7-4668-BE54-9A1E7A4F7556}") = "Steamless.Unpacker.Variant20.x86", "Steamless.Unpacker.Variant20.x86\Steamless.Unpacker.Variant20.x86.csproj", "{4F11F26D-2946-467F-A4E9-9E2A619A1FD3}"
EndProject
Project("{9A19103F-16F7-4668-BE54-9A1E7A4F7556}") = "Steamless.Unpacker.Variant21.x86", "Steamless.Unpacker.Variant21.x86\Steamless.Unpacker.Variant21.x86.csproj", "{A40154CD-A0FD-4371-8099-CE277E0989AF}"
EndProject
Project("{9A19103F-16F7-4668-BE54-9A1E7A4F7556}") = "Steamless.Unpacker.Variant30.x64", "Steamless.Unpacker.Variant30.x64\Steamless.Unpacker.Variant30.x64.csproj", "{03621EAD-77A7-4208-AFDF-4B8292230A71}"
EndProject
Project("{9A19103F-16F7-4668-BE54-9A1E7A4F7556}") = "Steamless.Unpacker.Variant30.x86", "Steamless.Unpacker.Variant30.x86\Steamless.Unpacker.Variant30.x86.csproj", "{B6BB7A32-AB23-4A25-8914-154879AAD3FE}"
EndProject
Project("{9A19103F-16F7-4668-BE54-9A1E7A4F7556}") = "Steamless.Unpacker.Variant31.x64", "Steamless.Unpacker.Variant31.x64\Steamless.Unpacker.Variant31.x64.csproj", "{05F540FB-D14B-4966-8DE2-591B76361CF0}"
EndProject
Project("{9A19103F-16F7-4668-BE54-9A1E7A4F7556}") = "Steamless.Unpacker.Variant31.x86", "Steamless.Unpacker.Variant31.x86\Steamless.Unpacker.Variant31.x86.csproj", "{0F2FAE37-F898-4392-B4F6-711954BEEB4F}"
EndProject
Project("{9A19103F-16F7-4668-BE54-9A1E7A4F7556}") = "SteamAutoCrack", "SteamAutoCrack\SteamAutoCrack.csproj", "{BA99367A-25B7-47B8-89BB-62E01108783A}"
EndProject
Global
	GlobalSection(SolutionConfigurationPlatforms) = preSolution
		Debug|Any CPU = Debug|Any CPU
		Debug|x86 = Debug|x86
		Release|Any CPU = Release|Any CPU
		Release|x86 = Release|x86
	EndGlobalSection
	GlobalSection(ProjectConfigurationPlatforms) = postSolution
		{39FFE4F2-7310-4A7F-AA77-0F236F7E2992}.Debug|Any CPU.ActiveCfg = Debug|x86
		{39FFE4F2-7310-4A7F-AA77-0F236F7E2992}.Debug|Any CPU.Build.0 = Debug|x86
		{39FFE4F2-7310-4A7F-AA77-0F236F7E2992}.Debug|x86.ActiveCfg = Debug|x86
		{39FFE4F2-7310-4A7F-AA77-0F236F7E2992}.Debug|x86.Build.0 = Debug|x86
		{39FFE4F2-7310-4A7F-AA77-0F236F7E2992}.Release|Any CPU.ActiveCfg = Release|x86
		{39FFE4F2-7310-4A7F-AA77-0F236F7E2992}.Release|Any CPU.Build.0 = Release|x86
		{39FFE4F2-7310-4A7F-AA77-0F236F7E2992}.Release|x86.ActiveCfg = Release|x86
		{39FFE4F2-7310-4A7F-AA77-0F236F7E2992}.Release|x86.Build.0 = Release|x86
		{293D5609-0E91-4A46-A819-CB1E0986CA64}.Debug|Any CPU.ActiveCfg = Debug|x86
		{293D5609-0E91-4A46-A819-CB1E0986CA64}.Debug|x86.ActiveCfg = Debug|x86
		{293D5609-0E91-4A46-A819-CB1E0986CA64}.Debug|x86.Build.0 = Debug|x86
		{293D5609-0E91-4A46-A819-CB1E0986CA64}.Release|Any CPU.ActiveCfg = Release|x86
		{293D5609-0E91-4A46-A819-CB1E0986CA64}.Release|x86.ActiveCfg = Release|x86
		{293D5609-0E91-4A46-A819-CB1E0986CA64}.Release|x86.Build.0 = Release|x86
		{56C95629-3B34-47FE-B988-04274409294F}.Debug|Any CPU.ActiveCfg = Debug|x86
		{56C95629-3B34-47FE-B988-04274409294F}.Debug|Any CPU.Build.0 = Debug|x86
		{56C95629-3B34-47FE-B988-04274409294F}.Debug|x86.ActiveCfg = Debug|x86
		{56C95629-3B34-47FE-B988-04274409294F}.Debug|x86.Build.0 = Debug|x86
		{56C95629-3B34-47FE-B988-04274409294F}.Release|Any CPU.ActiveCfg = Release|x86
		{56C95629-3B34-47FE-B988-04274409294F}.Release|Any CPU.Build.0 = Release|x86
		{56C95629-3B34-47FE-B988-04274409294F}.Release|x86.ActiveCfg = Release|x86
		{56C95629-3B34-47FE-B988-04274409294F}.Release|x86.Build.0 = Release|x86
		{02B58AB0-9B00-4B31-8D61-9D22D13D2C4A}.Debug|Any CPU.ActiveCfg = Debug|x86
		{02B58AB0-9B00-4B31-8D61-9D22D13D2C4A}.Debug|Any CPU.Build.0 = Debug|x86
		{02B58AB0-9B00-4B31-8D61-9D22D13D2C4A}.Debug|x86.ActiveCfg = Debug|x86
		{02B58AB0-9B00-4B31-8D61-9D22D13D2C4A}.Debug|x86.Build.0 = Debug|x86
		{02B58AB0-9B00-4B31-8D61-9D22D13D2C4A}.Release|Any CPU.ActiveCfg = Release|x86
		{02B58AB0-9B00-4B31-8D61-9D22D13D2C4A}.Release|Any CPU.Build.0 = Release|x86
		{02B58AB0-9B00-4B31-8D61-9D22D13D2C4A}.Release|x86.ActiveCfg = Release|x86
		{02B58AB0-9B00-4B31-8D61-9D22D13D2C4A}.Release|x86.Build.0 = Release|x86
		{4F11F26D-2946-467F-A4E9-9E2A619A1FD3}.Debug|Any CPU.ActiveCfg = Debug|x86
		{4F11F26D-2946-467F-A4E9-9E2A619A1FD3}.Debug|Any CPU.Build.0 = Debug|x86
		{4F11F26D-2946-467F-A4E9-9E2A619A1FD3}.Debug|x86.ActiveCfg = Debug|x86
		{4F11F26D-2946-467F-A4E9-9E2A619A1FD3}.Debug|x86.Build.0 = Debug|x86
		{4F11F26D-2946-467F-A4E9-9E2A619A1FD3}.Release|Any CPU.ActiveCfg = Release|x86
		{4F11F26D-2946-467F-A4E9-9E2A619A1FD3}.Release|Any CPU.Build.0 = Release|x86
		{4F11F26D-2946-467F-A4E9-9E2A619A1FD3}.Release|x86.ActiveCfg = Release|x86
		{4F11F26D-2946-467F-A4E9-9E2A619A1FD3}.Release|x86.Build.0 = Release|x86
		{A40154CD-A0FD-4371-8099-CE277E0989AF}.Debug|Any CPU.ActiveCfg = Debug|x86
		{A40154CD-A0FD-4371-8099-CE277E0989AF}.Debug|Any CPU.Build.0 = Debug|x86
		{A40154CD-A0FD-4371-8099-CE277E0989AF}.Debug|x86.ActiveCfg = Debug|x86
		{A40154CD-A0FD-4371-8099-CE277E0989AF}.Debug|x86.Build.0 = Debug|x86
		{A40154CD-A0FD-4371-8099-CE277E0989AF}.Release|Any CPU.ActiveCfg = Release|x86
		{A40154CD-A0FD-4371-8099-CE277E0989AF}.Release|Any CPU.Build.0 = Release|x86
		{A40154CD-A0FD-4371-8099-CE277E0989AF}.Release|x86.ActiveCfg = Release|x86
		{A40154CD-A0FD-4371-8099-CE277E0989AF}.Release|x86.Build.0 = Release|x86
		{03621EAD-77A7-4208-AFDF-4B8292230A71}.Debug|Any CPU.ActiveCfg = Debug|x86
		{03621EAD-77A7-4208-AFDF-4B8292230A71}.Debug|Any CPU.Build.0 = Debug|x86
		{03621EAD-77A7-4208-AFDF-4B8292230A71}.Debug|x86.ActiveCfg = Debug|x86
		{03621EAD-77A7-4208-AFDF-4B8292230A71}.Debug|x86.Build.0 = Debug|x86
		{03621EAD-77A7-4208-AFDF-4B8292230A71}.Release|Any CPU.ActiveCfg = Release|x86
		{03621EAD-77A7-4208-AFDF-4B8292230A71}.Release|Any CPU.Build.0 = Release|x86
		{03621EAD-77A7-4208-AFDF-4B8292230A71}.Release|x86.ActiveCfg = Release|x86
		{03621EAD-77A7-4208-AFDF-4B8292230A71}.Release|x86.Build.0 = Release|x86
		{B6BB7A32-AB23-4A25-8914-154879AAD3FE}.Debug|Any CPU.ActiveCfg = Debug|x86
		{B6BB7A32-AB23-4A25-8914-154879AAD3FE}.Debug|Any CPU.Build.0 = Debug|x86
		{B6BB7A32-AB23-4A25-8914-154879AAD3FE}.Debug|x86.ActiveCfg = Debug|x86
		{B6BB7A32-AB23-4A25-8914-154879AAD3FE}.Debug|x86.Build.0 = Debug|x86
		{B6BB7A32-AB23-4A25-8914-154879AAD3FE}.Release|Any CPU.ActiveCfg = Release|x86
		{B6BB7A32-AB23-4A25-8914-154879AAD3FE}.Release|Any CPU.Build.0 = Release|x86
		{B6BB7A32-AB23-4A25-8914-154879AAD3FE}.Release|x86.ActiveCfg = Release|x86
		{B6BB7A32-AB23-4A25-8914-154879AAD3FE}.Release|x86.Build.0 = Release|x86
		{05F540FB-D14B-4966-8DE2-591B76361CF0}.Debug|Any CPU.ActiveCfg = Debug|x86
		{05F540FB-D14B-4966-8DE2-591B76361CF0}.Debug|Any CPU.Build.0 = Debug|x86
		{05F540FB-D14B-4966-8DE2-591B76361CF0}.Debug|x86.ActiveCfg = Debug|x86
		{05F540FB-D14B-4966-8DE2-591B76361CF0}.Debug|x86.Build.0 = Debug|x86
		{05F540FB-D14B-4966-8DE2-591B76361CF0}.Release|Any CPU.ActiveCfg = Release|x86
		{05F540FB-D14B-4966-8DE2-591B76361CF0}.Release|Any CPU.Build.0 = Release|x86
		{05F540FB-D14B-4966-8DE2-591B76361CF0}.Release|x86.ActiveCfg = Release|x86
		{05F540FB-D14B-4966-8DE2-591B76361CF0}.Release|x86.Build.0 = Release|x86
		{0F2FAE37-F898-4392-B4F6-711954BEEB4F}.Debug|Any CPU.ActiveCfg = Debug|x86
		{0F2FAE37-F898-4392-B4F6-711954BEEB4F}.Debug|Any CPU.Build.0 = Debug|x86
		{0F2FAE37-F898-4392-B4F6-711954BEEB4F}.Debug|x86.ActiveCfg = Debug|x86
		{0F2FAE37-F898-4392-B4F6-711954BEEB4F}.Debug|x86.Build.0 = Debug|x86
		{0F2FAE37-F898-4392-B4F6-711954BEEB4F}.Release|Any CPU.ActiveCfg = Release|x86
		{0F2FAE37-F898-4392-B4F6-711954BEEB4F}.Release|Any CPU.Build.0 = Release|x86
		{0F2FAE37-F898-4392-B4F6-711954BEEB4F}.Release|x86.ActiveCfg = Release|x86
		{0F2FAE37-F898-4392-B4F6-711954BEEB4F}.Release|x86.Build.0 = Release|x86
		{BA99367A-25B7-47B8-89BB-62E01108783A}.Debug|Any CPU.ActiveCfg = Debug|x86
		{BA99367A-25B7-47B8-89BB-62E01108783A}.Debug|Any CPU.Build.0 = Debug|x86
		{BA99367A-25B7-47B8-89BB-62E01108783A}.Debug|x86.ActiveCfg = Debug|x86
		{BA99367A-25B7-47B8-89BB-62E01108783A}.Debug|x86.Build.0 = Debug|x86
		{BA99367A-25B7-47B8-89BB-62E01108783A}.Release|Any CPU.ActiveCfg = Release|x86
		{BA99367A-25B7-47B8-89BB-62E01108783A}.Release|Any CPU.Build.0 = Release|x86
		{BA99367A-25B7-47B8-89BB-62E01108783A}.Release|x86.ActiveCfg = Release|x86
		{BA99367A-25B7-47B8-89BB-62E01108783A}.Release|x86.Build.0 = Release|x86
	EndGlobalSection
	GlobalSection(SolutionProperties) = preSolution
		HideSolutionNode = FALSE
	EndGlobalSection
	GlobalSection(ExtensibilityGlobals) = postSolution
		SolutionGuid = {D4602D09-F814-4C79-91CC-9E1EBE357FB3}
	EndGlobalSection
EndGlobal
